{
    "_meta": {
        "hash": {
            "sha256": "189cc3acfaf59b38ac6bb5eafb9b51609430f081c3cc9571b2d94896bfff8afe"
        },
        "pipfile-spec": 6,
        "requires": {
            "python_full_version": "3.11.1",
            "python_version": "3.11"
        },
        "sources": [
            {
                "name": "pypi",
                "url": "https://pypi.org/simple",
                "verify_ssl": true
            }
        ]
    },
    "default": {
        "ntplib": {
            "hashes": [
                "sha256:899d8fb5f8c2555213aea95efca02934c7343df6ace9d7628a5176b176906267",
                "sha256:8d27375329ed7ff38755f7b6d4658b28edc147cadf40338a63a0da8133469d60"
            ],
            "index": "pypi",
            "version": "==0.4.0"
        },
        "prettytable": {
            "hashes": [
                "sha256:a71292ab7769a5de274b146b276ce938786f56c31cf7cea88b6f3775d82fe8c8",
                "sha256:f4ed94803c23073a90620b201965e5dc0bccf1760b7a7eaf3158cab8aaffdf34"
            ],
            "index": "pypi",
            "version": "==3.9.0"
        },
        "wcwidth": {
            "hashes": [
                "sha256:795b138f6875577cd91bba52baf9e445cd5118fd32723b460e30a0af30ea230e",
                "sha256:a5220780a404dbe3353789870978e472cfe477761f06ee55077256e509b156d0"
            ],
            "version": "==0.2.6"
        }
    },
    "develop": {}
}
